<?xml version="1.0" encoding="utf-8"?>
<Project ToolsVersion="4.0" xmlns="http://schemas.microsoft.com/developer/msbuild/2003">
  <ItemGroup>
    <Filter Include="Source Files">
      <UniqueIdentifier>{4FC737F1-C7A5-4376-A066-2A32D752A2FF}</UniqueIdentifier>
      <Extensions>cpp;c;cc;cxx;def;odl;idl;hpj;bat;asm;asmx</Extensions>
    </Filter>
    <Filter Include="Header Files">
      <UniqueIdentifier>{93995380-89BD-4b04-88EB-625FBE52EBFB}</UniqueIdentifier>
      <Extensions>h;hh;hpp;hxx;hm;inl;inc;xsd</Extensions>
    </Filter>
    <Filter Include="Resource Files">
      <UniqueIdentifier>{67DA6AB6-F800-4c08-8B7A-83BB121AAD01}</UniqueIdentifier>
      <Extensions>rc;ico;cur;bmp;dlg;rc2;rct;bin;rgs;gif;jpg;jpeg;jpe;resx;tiff;tif;png;wav;mfcribbon-ms</Extensions>
    </Filter>
    <Filter Include="Header Files\common">
      <UniqueIdentifier>{9244234c-211b-462e-80a3-882ba569f6f3}</UniqueIdentifier>
    </Filter>
    <Filter Include="Header Files\common\io">
      <UniqueIdentifier>{fd1dd0df-104a-478d-97a7-399aa704c2be}</UniqueIdentifier>
    </Filter>
    <Filter Include="Header Files\common\math">
      <UniqueIdentifier>{f861c4bb-8850-4c5f-827f-e76f8d9d30a1}</UniqueIdentifier>
    </Filter>
    <Filter Include="Header Files\common\error">
      <UniqueIdentifier>{a3fdad57-4a45-492e-bf51-3fb6a5d070f4}</UniqueIdentifier>
    </Filter>
    <Filter Include="Source Files\common">
      <UniqueIdentifier>{e72e1a86-0247-461c-858c-2e3448bad2a9}</UniqueIdentifier>
    </Filter>
    <Filter Include="Source Files\common\io">
      <UniqueIdentifier>{fc9b80fd-8138-40c5-a6df-ce1843568fac}</UniqueIdentifier>
    </Filter>
    <Filter Include="Source Files\common\math">
      <UniqueIdentifier>{5fbf3ad5-beb2-4c6a-90bd-5fcd0d89359c}</UniqueIdentifier>
    </Filter>
    <Filter Include="Source Files\common\error">
      <UniqueIdentifier>{26c62652-2dbd-48a4-8dfb-46e340fae988}</UniqueIdentifier>
    </Filter>
    <Filter Include="Source Files\common\log">
      <UniqueIdentifier>{e0c2582e-c27d-41e4-b4ad-aafd9ca5826c}</UniqueIdentifier>
    </Filter>
    <Filter Include="Header Files\common\log">
      <UniqueIdentifier>{bd52a80b-a6a1-45ba-9fc1-b02fa5be4fdd}</UniqueIdentifier>
    </Filter>
    <Filter Include="Header Files\common\cmd">
      <UniqueIdentifier>{0b32f272-dcd4-4033-9942-e08a9dc7d28e}</UniqueIdentifier>
    </Filter>
    <Filter Include="Header Files\test">
      <UniqueIdentifier>{a54cffbb-eaa2-4377-bf6e-f61dc3637375}</UniqueIdentifier>
    </Filter>
    <Filter Include="Header Files\test\unity">
      <UniqueIdentifier>{fb0366e4-233d-405f-ba6e-1bedb37ab615}</UniqueIdentifier>
    </Filter>
    <Filter Include="Source Files\test">
      <UniqueIdentifier>{f5959de0-dbf6-4ecc-878a-705f26e62458}</UniqueIdentifier>
    </Filter>
    <Filter Include="Source Files\test\unity">
      <UniqueIdentifier>{c2e1a6e3-06e0-45ed-9b4d-18e650d8ea69}</UniqueIdentifier>
    </Filter>
    <Filter Include="Source Files\test\common">
      <UniqueIdentifier>{a56b2318-c22e-43cd-a737-81276c1c0856}</UniqueIdentifier>
    </Filter>
    <Filter Include="Source Files\test\common\math">
      <UniqueIdentifier>{ed7858c7-6a42-4bfb-8308-2583209422d8}</UniqueIdentifier>
    </Filter>
    <Filter Include="Header Files\test\common">
      <UniqueIdentifier>{a57fa536-4f5b-4428-927a-5bdb999e739f}</UniqueIdentifier>
    </Filter>
    <Filter Include="Header Files\test\common\math">
      <UniqueIdentifier>{ed3d051c-daf3-4a0d-b663-50167045f286}</UniqueIdentifier>
    </Filter>
    <Filter Include="Source Files\test\common\io">
      <UniqueIdentifier>{281d25a8-a772-4c3d-b3e2-fe77760e78c1}</UniqueIdentifier>
    </Filter>
    <Filter Include="Header Files\test\common\io">
      <UniqueIdentifier>{98299ec3-11ef-4aee-9b7c-622d1cec133d}</UniqueIdentifier>
    </Filter>
    <Filter Include="Header Files\common\2d">
      <UniqueIdentifier>{155430d6-d5b4-415c-a233-67985221a7f0}</UniqueIdentifier>
    </Filter>
    <Filter Include="Source Files\test\common\2d">
      <UniqueIdentifier>{f6fb5cca-0bc0-46f2-b753-c1d20bb09721}</UniqueIdentifier>
    </Filter>
    <Filter Include="Source Files\common\2d">
      <UniqueIdentifier>{17019419-1f03-4f57-a73f-8935ccfe6eb9}</UniqueIdentifier>
    </Filter>
    <Filter Include="Header Files\test\common\2d">
      <UniqueIdentifier>{bd12fb2f-c6b6-4fe5-adea-fc4437d62c11}</UniqueIdentifier>
    </Filter>
    <Filter Include="Source Files\device">
      <UniqueIdentifier>{e295f4f2-9def-4d58-a32c-dc11006d32d7}</UniqueIdentifier>
    </Filter>
    <Filter Include="Header Files\device">
      <UniqueIdentifier>{d4bb399a-f0d7-43dc-9530-e3e0190486a2}</UniqueIdentifier>
    </Filter>
    <Filter Include="Source Files\device\test">
      <UniqueIdentifier>{5d4b5969-1f18-4a93-ad71-c7f8909f9bc2}</UniqueIdentifier>
    </Filter>
    <Filter Include="Header Files\drivers">
      <UniqueIdentifier>{8fe07051-71d8-4353-a94c-b447cd0171e6}</UniqueIdentifier>
    </Filter>
    <Filter Include="Header Files\drivers\test">
      <UniqueIdentifier>{6b864185-ecc1-4a3d-bbb8-7b575964ed28}</UniqueIdentifier>
    </Filter>
    <Filter Include="Source Files\drivers">
      <UniqueIdentifier>{11ef0a22-ca77-4e41-8023-e82a260d8f8b}</UniqueIdentifier>
    </Filter>
    <Filter Include="Source Files\drivers\test">
      <UniqueIdentifier>{7936f7ee-f53e-4836-bdf6-1173230882f6}</UniqueIdentifier>
    </Filter>
    <Filter Include="Header Files\drivers\dispatchers">
      <UniqueIdentifier>{99c4305a-44d5-4528-9b1b-5b15476856a2}</UniqueIdentifier>
    </Filter>
    <Filter Include="Source Files\drivers\dispatchers">
      <UniqueIdentifier>{dd4cff11-04d5-4e17-9d07-7e4cb9fc8787}</UniqueIdentifier>
    </Filter>
    <Filter Include="Source Files\device\dispatcher">
      <UniqueIdentifier>{14d78661-f954-4fad-a662-b9c2c6012cc4}</UniqueIdentifier>
    </Filter>
    <Filter Include="Header Files\device\test">
      <UniqueIdentifier>{4ea93886-55c7-4de2-9227-b90271402d66}</UniqueIdentifier>
    </Filter>
    <Filter Include="Header Files\device\dispatcher">
      <UniqueIdentifier>{8f3f4824-1458-4aeb-a987-ee306c4f0b56}</UniqueIdentifier>
    </Filter>
    <Filter Include="Source Files\test\drivers">
      <UniqueIdentifier>{4fcca6bf-e60d-43e6-b846-99077ae094be}</UniqueIdentifier>
    </Filter>
    <Filter Include="Source Files\test\drivers\test">
      <UniqueIdentifier>{e472ec4f-f855-42c7-a885-815d1f056de8}</UniqueIdentifier>
    </Filter>
    <Filter Include="Source Files\test\device">
      <UniqueIdentifier>{86eb500e-a2ca-420c-80aa-d7c47441db69}</UniqueIdentifier>
    </Filter>
    <Filter Include="Source Files\test\device\test">
      <UniqueIdentifier>{e767e7ed-bda7-4b05-9f14-22fae351f294}</UniqueIdentifier>
    </Filter>
    <Filter Include="Header Files\test\drivers">
      <UniqueIdentifier>{fb14140b-a919-4e87-9d32-b6747583da2a}</UniqueIdentifier>
    </Filter>
    <Filter Include="Header Files\test\device">
      <UniqueIdentifier>{78d4924c-9acd-4345-aae6-d80deb0ebc18}</UniqueIdentifier>
    </Filter>
    <Filter Include="Header Files\test\device\test">
      <UniqueIdentifier>{fd31e2f9-ecc5-4aae-8dfd-f87ff6da9900}</UniqueIdentifier>
    </Filter>
    <Filter Include="Header Files\test\drivers\test">
      <UniqueIdentifier>{af45eef9-0c12-4254-9989-2d309d9de5bc}</UniqueIdentifier>
    </Filter>
    <Filter Include="Source Files\test\drivers\dispatchers">
      <UniqueIdentifier>{b935aec9-3b23-4d43-90d1-5c19414f344e}</UniqueIdentifier>
    </Filter>
    <Filter Include="Header Files\test\drivers\dispatchers">
      <UniqueIdentifier>{6f2621e0-8a80-4564-955c-79c4dbea9a95}</UniqueIdentifier>
    </Filter>
    <Filter Include="Header Files\device\clock">
      <UniqueIdentifier>{eda77262-34e8-4d97-a106-3fcaff1aa44b}</UniqueIdentifier>
    </Filter>
    <Filter Include="Source Files\device\clock">
      <UniqueIdentifier>{f9574e41-38bf-4578-81aa-c4f1fbc6c6d4}</UniqueIdentifier>
    </Filter>
    <Filter Include="Source Files\drivers\clock">
      <UniqueIdentifier>{0257952a-3489-4610-beb7-1ca7473f8d37}</UniqueIdentifier>
    </Filter>
    <Filter Include="Header Files\drivers\mock">
      <UniqueIdentifier>{9ccbdbec-e551-4a92-a652-499b96bbe9dd}</UniqueIdentifier>
    </Filter>
    <Filter Include="Header Files\common\clock">
      <UniqueIdentifier>{42c91ddf-65d9-4478-b0f3-42e00ac04673}</UniqueIdentifier>
    </Filter>
    <Filter Include="Source Files\common\clock">
      <UniqueIdentifier>{3d2d2e40-ab11-4e88-b212-0a6c1272b261}</UniqueIdentifier>
    </Filter>
    <Filter Include="Source Files\remote">
      <UniqueIdentifier>{1d82cdb1-9f26-4fb5-a197-d8e83e36de04}</UniqueIdentifier>
    </Filter>
    <Filter Include="Source Files\remote\clock">
      <UniqueIdentifier>{657fdcd1-95eb-419b-8f27-254cf948cdf8}</UniqueIdentifier>
    </Filter>
    <Filter Include="Header Files\remote">
      <UniqueIdentifier>{9e9e3253-8743-4aa0-9148-6bedc5e8715b}</UniqueIdentifier>
    </Filter>
    <Filter Include="Header Files\remote\clock">
      <UniqueIdentifier>{aee073aa-6f5c-4824-82b4-f85fa2de888f}</UniqueIdentifier>
    </Filter>
  </ItemGroup>
  <ItemGroup>
    <ClCompile Include="cen-electronic-console.c">
      <Filter>Source Files</Filter>
    </ClCompile>
    <ClCompile Include="common\error\error.c">
      <Filter>Source Files\common\error</Filter>
    </ClCompile>
    <ClCompile Include="common\io\compositeOutputStream.c">
      <Filter>Source Files\common\io</Filter>
    </ClCompile>
    <ClCompile Include="common\io\filter.c">
      <Filter>Source Files\common\io</Filter>
    </ClCompile>
    <ClCompile Include="common\io\inputStream.c">
      <Filter>Source Files\common\io</Filter>
    </ClCompile>
    <ClCompile Include="common\io\ioUtils.c">
      <Filter>Source Files\common\io</Filter>
    </ClCompile>
    <ClCompile Include="common\io\nullOutputStream.c">
      <Filter>Source Files\common\io</Filter>
    </ClCompile>
    <ClCompile Include="common\io\outputStream.c">
      <Filter>Source Files\common\io</Filter>
    </ClCompile>
    <ClCompile Include="common\io\printWriter.c">
      <Filter>Source Files\common\io</Filter>
    </ClCompile>
    <ClCompile Include="common\io\reader.c">
      <Filter>Source Files\common\io</Filter>
    </ClCompile>
    <ClCompile Include="common\io\streamLink.c">
      <Filter>Source Files\common\io</Filter>
    </ClCompile>
    <ClCompile Include="common\io\binaryPrintWriter.c">
      <Filter>Source Files\common\io</Filter>
    </ClCompile>
    <ClCompile Include="common\io\binaryWriter.c">
      <Filter>Source Files\common\io</Filter>
    </ClCompile>
    <ClCompile Include="common\io\buffer.c">
      <Filter>Source Files\common\io</Filter>
    </ClCompile>
    <ClCompile Include="common\log\logHandlerList.c">
      <Filter>Source Files\common\log</Filter>
    </ClCompile>
    <ClCompile Include="common\log\logLevel.c">
      <Filter>Source Files\common\log</Filter>
    </ClCompile>
    <ClCompile Include="common\log\logger.c">
      <Filter>Source Files\common\log</Filter>
    </ClCompile>
    <ClCompile Include="common\log\loggerDebug.c">
      <Filter>Source Files\common\log</Filter>
    </ClCompile>
    <ClCompile Include="common\log\logHandler.c">
      <Filter>Source Files\common\log</Filter>
    </ClCompile>
    <ClCompile Include="common\math\hexUtils.c">
      <Filter>Source Files\common\math</Filter>
    </ClCompile>
    <ClCompile Include="test\unity\unity.c">
      <Filter>Source Files\test\unity</Filter>
    </ClCompile>
    <ClCompile Include="test\common\math\hexUtilsTest.c">
      <Filter>Source Files\test\common\math</Filter>
    </ClCompile>
    <ClCompile Include="test\common\io\bufferTest.c">
      <Filter>Source Files\test\common\io</Filter>
    </ClCompile>
    <ClCompile Include="test\common\io\printWriterTest.c">
      <Filter>Source Files\test\common\io</Filter>
    </ClCompile>
    <ClCompile Include="common\io\consoleOutputStream.c">
      <Filter>Source Files\common\io</Filter>
    </ClCompile>
    <ClCompile Include="test\common\io\readerTest.c">
      <Filter>Source Files\test\common\io</Filter>
    </ClCompile>
    <ClCompile Include="test\common\io\filterTest.c">
      <Filter>Source Files\test\common\io</Filter>
    </ClCompile>
    <ClCompile Include="test\common\io\ioUtilsTest.c">
      <Filter>Source Files\test\common\io</Filter>
    </ClCompile>
    <ClCompile Include="common\math\cenMath.c">
      <Filter>Source Files\common\math</Filter>
    </ClCompile>
    <ClCompile Include="common\math\bcdUtils.c">
      <Filter>Source Files\common\math</Filter>
    </ClCompile>
    <ClCompile Include="test\common\math\bcdUtilsTest.c">
      <Filter>Source Files\test\common\math</Filter>
    </ClCompile>
    <ClCompile Include="common\2d\2d.c">
      <Filter>Header Files\common\2d</Filter>
    </ClCompile>
    <ClCompile Include="test\common\2d\2dTest.c">
      <Filter>Source Files\test\common\2d</Filter>
    </ClCompile>
    <ClCompile Include="test\common\math\cenMathTest.c">
      <Filter>Source Files\test\common\math</Filter>
    </ClCompile>
    <ClCompile Include="device\device.c">
      <Filter>Source Files\device</Filter>
    </ClCompile>
    <ClCompile Include="device\deviceInterface.c">
      <Filter>Source Files\device</Filter>
    </ClCompile>
    <ClCompile Include="device\deviceList.c">
      <Filter>Source Files\device</Filter>
    </ClCompile>
    <ClCompile Include="device\deviceUsage.c">
      <Filter>Source Files\device</Filter>
    </ClCompile>
    <ClCompile Include="drivers\driver.c">
      <Filter>Source Files\drivers</Filter>
    </ClCompile>
    <ClCompile Include="drivers\driverList.c">
      <Filter>Source Files\drivers</Filter>
    </ClCompile>
    <ClCompile Include="drivers\driverStreamListener.c">
      <Filter>Source Files\drivers</Filter>
    </ClCompile>
    <ClCompile Include="drivers\driverTransmitter.c">
      <Filter>Source Files\drivers</Filter>
    </ClCompile>
    <ClCompile Include="drivers\dispatcher\driverDataDispatcher.c">
      <Filter>Source Files\drivers\dispatchers</Filter>
    </ClCompile>
    <ClCompile Include="drivers\dispatcher\driverDataDispatcherList.c">
      <Filter>Source Files\drivers\dispatchers</Filter>
    </ClCompile>
    <ClCompile Include="device\test\testDevice.c">
      <Filter>Source Files\device\test</Filter>
    </ClCompile>
    <ClCompile Include="device\dispatcher\deviceDataDispatcher.c">
      <Filter>Source Files\device\dispatcher</Filter>
    </ClCompile>
    <ClCompile Include="device\test\testDeviceInterface.c">
      <Filter>Source Files\device\test</Filter>
    </ClCompile>
    <ClCompile Include="drivers\test\testDriver.c">
      <Filter>Source Files\drivers\test</Filter>
    </ClCompile>
    <ClCompile Include="test\drivers\test\testDriverTest.c">
      <Filter>Source Files\test\drivers\test</Filter>
    </ClCompile>
    <ClCompile Include="test\drivers\dispatchers\driverDataDispatcherListTest.c">
      <Filter>Source Files\test\drivers\dispatchers</Filter>
    </ClCompile>
    <ClCompile Include="drivers\dispatcher\localDriverDataDispatcher.c">
      <Filter>Source Files\drivers\dispatchers</Filter>
    </ClCompile>
    <ClCompile Include="device\clock\clockDevice.c">
      <Filter>Source Files\device\clock</Filter>
    </ClCompile>
    <ClCompile Include="device\clock\clockDeviceInterface.c">
      <Filter>Source Files\device\clock</Filter>
    </ClCompile>
    <ClCompile Include="drivers\clock\mockClock.c">
      <Filter>Source Files\drivers\clock</Filter>
    </ClCompile>
    <ClCompile Include="common\clock\clock.c">
      <Filter>Source Files\common\clock</Filter>
    </ClCompile>
    <ClCompile Include="remote\clock\remoteClock.c">
      <Filter>Source Files\remote\clock</Filter>
    </ClCompile>
  </ItemGroup>
  <ItemGroup>
    <ClInclude Include="common\io\binaryWriter.h">
      <Filter>Header Files\common\io</Filter>
    </ClInclude>
    <ClInclude Include="common\io\buffer.h">
      <Filter>Header Files\common\io</Filter>
    </ClInclude>
    <ClInclude Include="common\io\cenIO.h">
      <Filter>Header Files\common\io</Filter>
    </ClInclude>
    <ClInclude Include="common\io\compositeOutputStream.h">
      <Filter>Header Files\common\io</Filter>
    </ClInclude>
    <ClInclude Include="common\io\filter.h">
      <Filter>Header Files\common\io</Filter>
    </ClInclude>
    <ClInclude Include="common\io\inputStream.h">
      <Filter>Header Files\common\io</Filter>
    </ClInclude>
    <ClInclude Include="common\io\ioUtils.h">
      <Filter>Header Files\common\io</Filter>
    </ClInclude>
    <ClInclude Include="common\io\nullOutputStream.h">
      <Filter>Header Files\common\io</Filter>
    </ClInclude>
    <ClInclude Include="common\io\outputStream.h">
      <Filter>Header Files\common\io</Filter>
    </ClInclude>
    <ClInclude Include="common\io\pin.h">
      <Filter>Header Files\common\io</Filter>
    </ClInclude>
    <ClInclude Include="common\io\printWriter.h">
      <Filter>Header Files\common\io</Filter>
    </ClInclude>
    <ClInclude Include="common\io\reader.h">
      <Filter>Header Files\common\io</Filter>
    </ClInclude>
    <ClInclude Include="common\io\stream.h">
      <Filter>Header Files\common\io</Filter>
    </ClInclude>
    <ClInclude Include="common\io\streamLink.h">
      <Filter>Header Files\common\io</Filter>
    </ClInclude>
    <ClInclude Include="common\io\binaryPrintWriter.h">
      <Filter>Header Files\common\io</Filter>
    </ClInclude>
    <ClInclude Include="common\math\hexUtils.h">
      <Filter>Header Files\common\math</Filter>
    </ClInclude>
    <ClInclude Include="common\error\error.h">
      <Filter>Header Files\common\error</Filter>
    </ClInclude>
    <ClInclude Include="common\log\logHandler.h">
      <Filter>Header Files\common\log</Filter>
    </ClInclude>
    <ClInclude Include="common\log\logHandlerList.h">
      <Filter>Header Files\common\log</Filter>
    </ClInclude>
    <ClInclude Include="common\log\logLevel.h">
      <Filter>Header Files\common\log</Filter>
    </ClInclude>
    <ClInclude Include="common\log\logger.h">
      <Filter>Header Files\common\log</Filter>
    </ClInclude>
    <ClInclude Include="common\log\loggerDebug.h">
      <Filter>Header Files\common\log</Filter>
    </ClInclude>
    <ClInclude Include="common\cmd\commonCommand.h">
      <Filter>Header Files\common\cmd</Filter>
    </ClInclude>
    <ClInclude Include="common\commons.h">
      <Filter>Header Files\common</Filter>
    </ClInclude>
    <ClInclude Include="resource.h">
      <Filter>Header Files</Filter>
    </ClInclude>
    <ClInclude Include="test\unity\unity.h">
      <Filter>Header Files\test\unity</Filter>
    </ClInclude>
    <ClInclude Include="test\common\math\hexUtilsTest.h">
      <Filter>Header Files\test\common\math</Filter>
    </ClInclude>
    <ClInclude Include="test\common\io\bufferTest.h">
      <Filter>Header Files\test\common\io</Filter>
    </ClInclude>
    <ClInclude Include="test\common\io\printWriterTest.h">
      <Filter>Header Files\test\common\io</Filter>
    </ClInclude>
    <ClInclude Include="common\io\consoleOutputStream.h">
      <Filter>Header Files\common\io</Filter>
    </ClInclude>
    <ClInclude Include="test\common\io\readerTest.h">
      <Filter>Header Files\test\common\io</Filter>
    </ClInclude>
    <ClInclude Include="test\common\io\filterTest.h">
      <Filter>Header Files\test\common\io</Filter>
    </ClInclude>
    <ClInclude Include="test\common\io\ioUtilsTest.h">
      <Filter>Header Files\test\common\io</Filter>
    </ClInclude>
    <ClInclude Include="common\math\cenMath.h">
      <Filter>Header Files\common\math</Filter>
    </ClInclude>
    <ClInclude Include="common\math\bcdUtils.h">
      <Filter>Header Files\common\math</Filter>
    </ClInclude>
    <ClInclude Include="test\common\math\bcdUtilsTest.h">
      <Filter>Header Files\test\common\math</Filter>
    </ClInclude>
    <ClInclude Include="common\2d\2d.h">
      <Filter>Source Files\common\2d</Filter>
    </ClInclude>
    <ClInclude Include="test\common\2d\2dTest.h">
      <Filter>Header Files\test\common\2d</Filter>
    </ClInclude>
    <ClInclude Include="test\unity\unity_internals.h">
      <Filter>Header Files\test\unity</Filter>
    </ClInclude>
    <ClInclude Include="test\common\math\cenMathTest.h">
      <Filter>Header Files\test\common\math</Filter>
    </ClInclude>
    <ClInclude Include="device\device.h">
      <Filter>Header Files\device</Filter>
    </ClInclude>
    <ClInclude Include="device\deviceConstants.h">
      <Filter>Header Files\device</Filter>
    </ClInclude>
    <ClInclude Include="device\deviceDebug.h">
      <Filter>Header Files\device</Filter>
    </ClInclude>
    <ClInclude Include="device\deviceDescriptor.h">
      <Filter>Header Files\device</Filter>
    </ClInclude>
    <ClInclude Include="device\deviceInterface.h">
      <Filter>Header Files\device</Filter>
    </ClInclude>
    <ClInclude Include="device\deviceList.h">
      <Filter>Header Files\device</Filter>
    </ClInclude>
    <ClInclude Include="device\deviceUsage.h">
      <Filter>Header Files\device</Filter>
    </ClInclude>
    <ClInclude Include="drivers\driver.h">
      <Filter>Header Files\drivers</Filter>
    </ClInclude>
    <ClInclude Include="drivers\driverList.h">
      <Filter>Header Files\drivers</Filter>
    </ClInclude>
    <ClInclude Include="drivers\driverStreamListener.h">
      <Filter>Header Files\drivers</Filter>
    </ClInclude>
    <ClInclude Include="drivers\driverTransmitter.h">
      <Filter>Header Files\drivers</Filter>
    </ClInclude>
    <ClInclude Include="drivers\dispatcher\driverDataDispatcher.h">
      <Filter>Header Files\drivers\dispatchers</Filter>
    </ClInclude>
    <ClInclude Include="drivers\dispatcher\driverDataDispatcherList.h">
      <Filter>Header Files\drivers\dispatchers</Filter>
    </ClInclude>
    <ClInclude Include="device\test\testDevice.h">
      <Filter>Header Files\device\test</Filter>
    </ClInclude>
    <ClInclude Include="device\test\testDeviceInterface.h">
      <Filter>Header Files\device\test</Filter>
    </ClInclude>
    <ClInclude Include="device\dispatcher\deviceDataDispatcher.h">
      <Filter>Header Files\device\dispatcher</Filter>
    </ClInclude>
    <ClInclude Include="drivers\test\testDriver.h">
      <Filter>Header Files\drivers\test</Filter>
    </ClInclude>
    <ClInclude Include="test\drivers\test\testDriverTest.h">
      <Filter>Header Files\test\drivers\test</Filter>
    </ClInclude>
    <ClInclude Include="test\drivers\dispatchers\driverDataDispatcherListTest.h">
      <Filter>Header Files\test\drivers\dispatchers</Filter>
    </ClInclude>
    <ClInclude Include="drivers\dispatcher\localDriverDataDispatcher.h">
      <Filter>Header Files\drivers\dispatchers</Filter>
    </ClInclude>
    <ClInclude Include="device\clock\clockDevice.h">
      <Filter>Header Files\device\clock</Filter>
    </ClInclude>
    <ClInclude Include="device\clock\clockDeviceInterface.h">
      <Filter>Header Files\device\clock</Filter>
    </ClInclude>
    <ClInclude Include="drivers\clock\mockClock.h">
      <Filter>Header Files\drivers\mock</Filter>
    </ClInclude>
    <ClInclude Include="common\clock\clock.h">
      <Filter>Header Files\common\clock</Filter>
    </ClInclude>
    <ClInclude Include="remote\clock\remoteClock.h">
      <Filter>Header Files\remote\clock</Filter>
    </ClInclude>
  </ItemGroup>
  <ItemGroup>
    <ResourceCompile Include="cen-electronic-console.rc">
      <Filter>Resource Files</Filter>
    </ResourceCompile>
  </ItemGroup>
</Project>