<?xml version="1.0" encoding="utf-8"?>
<Project ToolsVersion="4.0" xmlns="http://schemas.microsoft.com/developer/msbuild/2003">
  <ItemGroup>
    <Filter Include="Source Files">
      <UniqueIdentifier>{4FC737F1-C7A5-4376-A066-2A32D752A2FF}</UniqueIdentifier>
      <Extensions>cpp;c;cc;cxx;def;odl;idl;hpj;bat;asm;asmx</Extensions>
    </Filter>
    <Filter Include="Header Files">
      <UniqueIdentifier>{93995380-89BD-4b04-88EB-625FBE52EBFB}</UniqueIdentifier>
      <Extensions>h;hh;hpp;hxx;hm;inl;inc;xsd</Extensions>
    </Filter>
    <Filter Include="Resource Files">
      <UniqueIdentifier>{67DA6AB6-F800-4c08-8B7A-83BB121AAD01}</UniqueIdentifier>
      <Extensions>rc;ico;cur;bmp;dlg;rc2;rct;bin;rgs;gif;jpg;jpeg;jpe;resx;tiff;tif;png;wav;mfcribbon-ms</Extensions>
    </Filter>
    <Filter Include="Header Files\common">
      <UniqueIdentifier>{9244234c-211b-462e-80a3-882ba569f6f3}</UniqueIdentifier>
    </Filter>
    <Filter Include="Header Files\common\io">
      <UniqueIdentifier>{fd1dd0df-104a-478d-97a7-399aa704c2be}</UniqueIdentifier>
    </Filter>
    <Filter Include="Header Files\common\math">
      <UniqueIdentifier>{f861c4bb-8850-4c5f-827f-e76f8d9d30a1}</UniqueIdentifier>
    </Filter>
    <Filter Include="Header Files\common\error">
      <UniqueIdentifier>{a3fdad57-4a45-492e-bf51-3fb6a5d070f4}</UniqueIdentifier>
    </Filter>
    <Filter Include="Source Files\common">
      <UniqueIdentifier>{e72e1a86-0247-461c-858c-2e3448bad2a9}</UniqueIdentifier>
    </Filter>
    <Filter Include="Source Files\common\io">
      <UniqueIdentifier>{fc9b80fd-8138-40c5-a6df-ce1843568fac}</UniqueIdentifier>
    </Filter>
    <Filter Include="Source Files\common\math">
      <UniqueIdentifier>{5fbf3ad5-beb2-4c6a-90bd-5fcd0d89359c}</UniqueIdentifier>
    </Filter>
    <Filter Include="Source Files\common\error">
      <UniqueIdentifier>{26c62652-2dbd-48a4-8dfb-46e340fae988}</UniqueIdentifier>
    </Filter>
    <Filter Include="Source Files\common\log">
      <UniqueIdentifier>{e0c2582e-c27d-41e4-b4ad-aafd9ca5826c}</UniqueIdentifier>
    </Filter>
    <Filter Include="Header Files\common\log">
      <UniqueIdentifier>{bd52a80b-a6a1-45ba-9fc1-b02fa5be4fdd}</UniqueIdentifier>
    </Filter>
    <Filter Include="Header Files\common\cmd">
      <UniqueIdentifier>{0b32f272-dcd4-4033-9942-e08a9dc7d28e}</UniqueIdentifier>
    </Filter>
    <Filter Include="Header Files\test">
      <UniqueIdentifier>{a54cffbb-eaa2-4377-bf6e-f61dc3637375}</UniqueIdentifier>
    </Filter>
    <Filter Include="Header Files\test\unity">
      <UniqueIdentifier>{fb0366e4-233d-405f-ba6e-1bedb37ab615}</UniqueIdentifier>
    </Filter>
    <Filter Include="Source Files\test">
      <UniqueIdentifier>{f5959de0-dbf6-4ecc-878a-705f26e62458}</UniqueIdentifier>
    </Filter>
    <Filter Include="Source Files\test\unity">
      <UniqueIdentifier>{c2e1a6e3-06e0-45ed-9b4d-18e650d8ea69}</UniqueIdentifier>
    </Filter>
    <Filter Include="Source Files\test\common">
      <UniqueIdentifier>{a56b2318-c22e-43cd-a737-81276c1c0856}</UniqueIdentifier>
    </Filter>
    <Filter Include="Source Files\test\common\math">
      <UniqueIdentifier>{ed7858c7-6a42-4bfb-8308-2583209422d8}</UniqueIdentifier>
    </Filter>
    <Filter Include="Header Files\test\common">
      <UniqueIdentifier>{a57fa536-4f5b-4428-927a-5bdb999e739f}</UniqueIdentifier>
    </Filter>
    <Filter Include="Header Files\test\common\math">
      <UniqueIdentifier>{ed3d051c-daf3-4a0d-b663-50167045f286}</UniqueIdentifier>
    </Filter>
    <Filter Include="Source Files\test\common\io">
      <UniqueIdentifier>{281d25a8-a772-4c3d-b3e2-fe77760e78c1}</UniqueIdentifier>
    </Filter>
    <Filter Include="Header Files\test\common\io">
      <UniqueIdentifier>{98299ec3-11ef-4aee-9b7c-622d1cec133d}</UniqueIdentifier>
    </Filter>
  </ItemGroup>
  <ItemGroup>
    <ClCompile Include="cen-electronic-console.c">
      <Filter>Source Files</Filter>
    </ClCompile>
    <ClCompile Include="common\error\error.c">
      <Filter>Source Files\common\error</Filter>
    </ClCompile>
    <ClCompile Include="common\io\compositeOutputStream.c">
      <Filter>Source Files\common\io</Filter>
    </ClCompile>
    <ClCompile Include="common\io\filter.c">
      <Filter>Source Files\common\io</Filter>
    </ClCompile>
    <ClCompile Include="common\io\inputStream.c">
      <Filter>Source Files\common\io</Filter>
    </ClCompile>
    <ClCompile Include="common\io\ioUtils.c">
      <Filter>Source Files\common\io</Filter>
    </ClCompile>
    <ClCompile Include="common\io\nullOutputStream.c">
      <Filter>Source Files\common\io</Filter>
    </ClCompile>
    <ClCompile Include="common\io\outputStream.c">
      <Filter>Source Files\common\io</Filter>
    </ClCompile>
    <ClCompile Include="common\io\printWriter.c">
      <Filter>Source Files\common\io</Filter>
    </ClCompile>
    <ClCompile Include="common\io\reader.c">
      <Filter>Source Files\common\io</Filter>
    </ClCompile>
    <ClCompile Include="common\io\streamLink.c">
      <Filter>Source Files\common\io</Filter>
    </ClCompile>
    <ClCompile Include="common\io\binaryPrintWriter.c">
      <Filter>Source Files\common\io</Filter>
    </ClCompile>
    <ClCompile Include="common\io\binaryWriter.c">
      <Filter>Source Files\common\io</Filter>
    </ClCompile>
    <ClCompile Include="common\io\buffer.c">
      <Filter>Source Files\common\io</Filter>
    </ClCompile>
    <ClCompile Include="common\log\logHandlerList.c">
      <Filter>Source Files\common\log</Filter>
    </ClCompile>
    <ClCompile Include="common\log\logLevel.c">
      <Filter>Source Files\common\log</Filter>
    </ClCompile>
    <ClCompile Include="common\log\logger.c">
      <Filter>Source Files\common\log</Filter>
    </ClCompile>
    <ClCompile Include="common\log\loggerDebug.c">
      <Filter>Source Files\common\log</Filter>
    </ClCompile>
    <ClCompile Include="common\log\logHandler.c">
      <Filter>Source Files\common\log</Filter>
    </ClCompile>
    <ClCompile Include="common\math\hexUtils.c">
      <Filter>Source Files\common\math</Filter>
    </ClCompile>
    <ClCompile Include="test\unity\unity.c">
      <Filter>Source Files\test\unity</Filter>
    </ClCompile>
    <ClCompile Include="test\common\math\hexUtilsTest.c">
      <Filter>Source Files\test\common\math</Filter>
    </ClCompile>
    <ClCompile Include="test\common\io\bufferTest.c">
      <Filter>Source Files\test\common\io</Filter>
    </ClCompile>
  </ItemGroup>
  <ItemGroup>
    <ClInclude Include="common\io\binaryWriter.h">
      <Filter>Header Files\common\io</Filter>
    </ClInclude>
    <ClInclude Include="common\io\buffer.h">
      <Filter>Header Files\common\io</Filter>
    </ClInclude>
    <ClInclude Include="common\io\cenIO.h">
      <Filter>Header Files\common\io</Filter>
    </ClInclude>
    <ClInclude Include="common\io\compositeOutputStream.h">
      <Filter>Header Files\common\io</Filter>
    </ClInclude>
    <ClInclude Include="common\io\filter.h">
      <Filter>Header Files\common\io</Filter>
    </ClInclude>
    <ClInclude Include="common\io\inputStream.h">
      <Filter>Header Files\common\io</Filter>
    </ClInclude>
    <ClInclude Include="common\io\ioUtils.h">
      <Filter>Header Files\common\io</Filter>
    </ClInclude>
    <ClInclude Include="common\io\nullOutputStream.h">
      <Filter>Header Files\common\io</Filter>
    </ClInclude>
    <ClInclude Include="common\io\outputStream.h">
      <Filter>Header Files\common\io</Filter>
    </ClInclude>
    <ClInclude Include="common\io\pin.h">
      <Filter>Header Files\common\io</Filter>
    </ClInclude>
    <ClInclude Include="common\io\printWriter.h">
      <Filter>Header Files\common\io</Filter>
    </ClInclude>
    <ClInclude Include="common\io\reader.h">
      <Filter>Header Files\common\io</Filter>
    </ClInclude>
    <ClInclude Include="common\io\stream.h">
      <Filter>Header Files\common\io</Filter>
    </ClInclude>
    <ClInclude Include="common\io\streamLink.h">
      <Filter>Header Files\common\io</Filter>
    </ClInclude>
    <ClInclude Include="common\io\binaryPrintWriter.h">
      <Filter>Header Files\common\io</Filter>
    </ClInclude>
    <ClInclude Include="common\math\hexUtils.h">
      <Filter>Header Files\common\math</Filter>
    </ClInclude>
    <ClInclude Include="common\error\error.h">
      <Filter>Header Files\common\error</Filter>
    </ClInclude>
    <ClInclude Include="common\log\logHandler.h">
      <Filter>Header Files\common\log</Filter>
    </ClInclude>
    <ClInclude Include="common\log\logHandlerList.h">
      <Filter>Header Files\common\log</Filter>
    </ClInclude>
    <ClInclude Include="common\log\logLevel.h">
      <Filter>Header Files\common\log</Filter>
    </ClInclude>
    <ClInclude Include="common\log\logger.h">
      <Filter>Header Files\common\log</Filter>
    </ClInclude>
    <ClInclude Include="common\log\loggerDebug.h">
      <Filter>Header Files\common\log</Filter>
    </ClInclude>
    <ClInclude Include="common\cmd\commonCommand.h">
      <Filter>Header Files\common\cmd</Filter>
    </ClInclude>
    <ClInclude Include="common\commons.h">
      <Filter>Header Files\common</Filter>
    </ClInclude>
    <ClInclude Include="resource.h">
      <Filter>Header Files</Filter>
    </ClInclude>
    <ClInclude Include="test\unity\unity.h">
      <Filter>Header Files\test\unity</Filter>
    </ClInclude>
    <ClInclude Include="test\common\math\hexUtilsTest.h">
      <Filter>Header Files\test\common\math</Filter>
    </ClInclude>
    <ClInclude Include="test\common\io\bufferTest.h">
      <Filter>Header Files\test\common\io</Filter>
    </ClInclude>
  </ItemGroup>
  <ItemGroup>
    <ResourceCompile Include="cen-electronic-console.rc">
      <Filter>Resource Files</Filter>
    </ResourceCompile>
  </ItemGroup>
</Project>